
Microsoft Visual Studio Solution File, Format Version 12.00
# Visual Studio Version 16
VisualStudioVersion = 16.0.30011.22
MinimumVisualStudioVersion = 10.0.40219.1
Project("{FAE04EC0-301F-11D3-BF4B-00C04F79EFBC}") = "SplineInterpolator", "SplineInterpolator.csproj", "{B85EB759-F165-4B3E-B90B-1D9B02765E96}"
EndProject
Global
	GlobalSection(SolutionConfigurationPlatforms) = preSolution
		Debug|Any CPU = Debug|Any CPU
		Release|Any CPU = Release|Any CPU
	EndGlobalSection
	GlobalSection(ProjectConfigurationPlatforms) = postSolution
		{B85EB759-F165-4B3E-B90B-1D9B02765E96}.Debug|Any CPU.ActiveCfg = Debug|Any CPU
		{B85EB759-F165-4B3E-B90B-1D9B02765E96}.Debug|Any CPU.Build.0 = Debug|Any CPU
		{B85EB759-F165-4B3E-B90B-1D9B02765E96}.Release|Any CPU.ActiveCfg = Release|Any CPU
		{B85EB759-F165-4B3E-B90B-1D9B02765E96}.Release|Any CPU.Build.0 = Release|Any CPU
	EndGlobalSection
	GlobalSection(SolutionProperties) = preSolution
		HideSolutionNode = FALSE
	EndGlobalSection
	GlobalSection(ExtensibilityGlobals) = postSolution
		SolutionGuid = {9559E2E3-52BC-4785-A5D0-ECD953CBFE21}
	EndGlobalSection
EndGlobal
